
Microsoft Visual Studio Solution File, Format Version 12.00
# Visual Studio Version 17
VisualStudioVersion = 17.6.33829.357
MinimumVisualStudioVersion = 10.0.40219.1
Project("{FAE04EC0-301F-11D3-BF4B-00C04F79EFBC}") = "ExpApps", "ExperimentalApps\ExpApps.csproj", "{DD0A8BEC-280F-4020-B01B-2055EB6F5026}"
EndProject
Project("{FAE04EC0-301F-11D3-BF4B-00C04F79EFBC}") = "AlignToBottom", "AlignToBottom\AlignToBottom\AlignToBottom\AlignToBottom.csproj", "{77762FD9-8BAA-4A2C-8A45-CE2C99C2AF2D}"
EndProject
Project("{FAE04EC0-301F-11D3-BF4B-00C04F79EFBC}") = "AnnoTools", "AnnoTools\AnnoTools\AnnoTools\AnnoTools.csproj", "{E10F3EAC-0E31-4077-9171-5E326ACCDC07}"
EndProject
Project("{FAE04EC0-301F-11D3-BF4B-00C04F79EFBC}") = "DWGExport", "DWGExport\DWGExport\DWGExport.csproj", "{FD3A5736-C545-46F9-9793-0CFA7F0E0D8F}"
EndProject
Project("{FAE04EC0-301F-11D3-BF4B-00C04F79EFBC}") = "MultiDWG", "MultiDWG\MultiDWG\MultiDWG\MultiDWG.csproj", "{416B5141-68DA-4396-A4FB-9CF24537CDFA}"
EndProject
Project("{FAE04EC0-301F-11D3-BF4B-00C04F79EFBC}") = "RehostElements", "Rehost Elements\Rehost Elements\Rehost Elements\RehostElements.csproj", "{D99CDF0D-6B7C-426A-8853-C093924F152B}"
EndProject
Project("{FAE04EC0-301F-11D3-BF4B-00C04F79EFBC}") = "SetViewRange", "SetViewRange\SetViewRange\SetViewRange\SetViewRange.csproj", "{F1DD32AE-701A-4158-A214-3C835DC6A3BB}"
EndProject
Project("{FAE04EC0-301F-11D3-BF4B-00C04F79EFBC}") = "Exp_apps_R17", "ClassLibrary1\Exp_apps_R17.csproj", "{71ED188E-D2B8-4D12-A347-1893F0BB421C}"
EndProject
Project("{FAE04EC0-301F-11D3-BF4B-00C04F79EFBC}") = "Revision_Editor", "ClassLibrary2\Revision_Editor.csproj", "{22048422-DDD9-4A44-9D53-166F22603BC8}"
EndProject
Project("{FAE04EC0-301F-11D3-BF4B-00C04F79EFBC}") = "StoreExp", "StoreExp\StoreExp.csproj", "{2FE4880B-8F34-41ED-945A-514C1489572B}"
EndProject
Global
	GlobalSection(SolutionConfigurationPlatforms) = preSolution
		Debug|Any CPU = Debug|Any CPU
		Debug|x64 = Debug|x64
		Debug|x86 = Debug|x86
		Mod|Any CPU = Mod|Any CPU
		Mod|x64 = Mod|x64
		Mod|x86 = Mod|x86
		Release|Any CPU = Release|Any CPU
		Release|x64 = Release|x64
		Release|x86 = Release|x86
	EndGlobalSection
	GlobalSection(ProjectConfigurationPlatforms) = postSolution
		{DD0A8BEC-280F-4020-B01B-2055EB6F5026}.Debug|Any CPU.ActiveCfg = Debug|x64
		{DD0A8BEC-280F-4020-B01B-2055EB6F5026}.Debug|x64.ActiveCfg = Debug|x64
		{DD0A8BEC-280F-4020-B01B-2055EB6F5026}.Debug|x64.Build.0 = Debug|x64
		{DD0A8BEC-280F-4020-B01B-2055EB6F5026}.Debug|x86.ActiveCfg = Debug|x64
		{DD0A8BEC-280F-4020-B01B-2055EB6F5026}.Mod|Any CPU.ActiveCfg = Testing|x64
		{DD0A8BEC-280F-4020-B01B-2055EB6F5026}.Mod|Any CPU.Build.0 = Testing|x64
		{DD0A8BEC-280F-4020-B01B-2055EB6F5026}.Mod|x64.ActiveCfg = Testing|x64
		{DD0A8BEC-280F-4020-B01B-2055EB6F5026}.Mod|x64.Build.0 = Testing|x64
		{DD0A8BEC-280F-4020-B01B-2055EB6F5026}.Mod|x86.ActiveCfg = Testing|x64
		{DD0A8BEC-280F-4020-B01B-2055EB6F5026}.Mod|x86.Build.0 = Testing|x64
		{DD0A8BEC-280F-4020-B01B-2055EB6F5026}.Release|Any CPU.ActiveCfg = Release|x64
		{DD0A8BEC-280F-4020-B01B-2055EB6F5026}.Release|x64.ActiveCfg = Release|x64
		{DD0A8BEC-280F-4020-B01B-2055EB6F5026}.Release|x64.Build.0 = Release|x64
		{DD0A8BEC-280F-4020-B01B-2055EB6F5026}.Release|x86.ActiveCfg = Release|x64
		{77762FD9-8BAA-4A2C-8A45-CE2C99C2AF2D}.Debug|Any CPU.ActiveCfg = Debug|Any CPU
		{77762FD9-8BAA-4A2C-8A45-CE2C99C2AF2D}.Debug|Any CPU.Build.0 = Debug|Any CPU
		{77762FD9-8BAA-4A2C-8A45-CE2C99C2AF2D}.Debug|x64.ActiveCfg = Debug|x64
		{77762FD9-8BAA-4A2C-8A45-CE2C99C2AF2D}.Debug|x64.Build.0 = Debug|x64
		{77762FD9-8BAA-4A2C-8A45-CE2C99C2AF2D}.Debug|x86.ActiveCfg = Debug|x86
		{77762FD9-8BAA-4A2C-8A45-CE2C99C2AF2D}.Debug|x86.Build.0 = Debug|x86
		{77762FD9-8BAA-4A2C-8A45-CE2C99C2AF2D}.Mod|Any CPU.ActiveCfg = Mod|Any CPU
		{77762FD9-8BAA-4A2C-8A45-CE2C99C2AF2D}.Mod|Any CPU.Build.0 = Mod|Any CPU
		{77762FD9-8BAA-4A2C-8A45-CE2C99C2AF2D}.Mod|x64.ActiveCfg = Mod|x64
		{77762FD9-8BAA-4A2C-8A45-CE2C99C2AF2D}.Mod|x64.Build.0 = Mod|x64
		{77762FD9-8BAA-4A2C-8A45-CE2C99C2AF2D}.Mod|x86.ActiveCfg = Mod|x86
		{77762FD9-8BAA-4A2C-8A45-CE2C99C2AF2D}.Mod|x86.Build.0 = Mod|x86
		{77762FD9-8BAA-4A2C-8A45-CE2C99C2AF2D}.Release|Any CPU.ActiveCfg = Release|Any CPU
		{77762FD9-8BAA-4A2C-8A45-CE2C99C2AF2D}.Release|Any CPU.Build.0 = Release|Any CPU
		{77762FD9-8BAA-4A2C-8A45-CE2C99C2AF2D}.Release|x64.ActiveCfg = Release|x64
		{77762FD9-8BAA-4A2C-8A45-CE2C99C2AF2D}.Release|x64.Build.0 = Release|x64
		{77762FD9-8BAA-4A2C-8A45-CE2C99C2AF2D}.Release|x86.ActiveCfg = Release|x86
		{77762FD9-8BAA-4A2C-8A45-CE2C99C2AF2D}.Release|x86.Build.0 = Release|x86
		{E10F3EAC-0E31-4077-9171-5E326ACCDC07}.Debug|Any CPU.ActiveCfg = Debug|Any CPU
		{E10F3EAC-0E31-4077-9171-5E326ACCDC07}.Debug|Any CPU.Build.0 = Debug|Any CPU
		{E10F3EAC-0E31-4077-9171-5E326ACCDC07}.Debug|x64.ActiveCfg = Debug|x64
		{E10F3EAC-0E31-4077-9171-5E326ACCDC07}.Debug|x64.Build.0 = Debug|x64
		{E10F3EAC-0E31-4077-9171-5E326ACCDC07}.Debug|x86.ActiveCfg = Debug|x86
		{E10F3EAC-0E31-4077-9171-5E326ACCDC07}.Debug|x86.Build.0 = Debug|x86
		{E10F3EAC-0E31-4077-9171-5E326ACCDC07}.Mod|Any CPU.ActiveCfg = Mod|Any CPU
		{E10F3EAC-0E31-4077-9171-5E326ACCDC07}.Mod|Any CPU.Build.0 = Mod|Any CPU
		{E10F3EAC-0E31-4077-9171-5E326ACCDC07}.Mod|x64.ActiveCfg = Mod|x64
		{E10F3EAC-0E31-4077-9171-5E326ACCDC07}.Mod|x64.Build.0 = Mod|x64
		{E10F3EAC-0E31-4077-9171-5E326ACCDC07}.Mod|x86.ActiveCfg = Mod|x86
		{E10F3EAC-0E31-4077-9171-5E326ACCDC07}.Mod|x86.Build.0 = Mod|x86
		{E10F3EAC-0E31-4077-9171-5E326ACCDC07}.Release|Any CPU.ActiveCfg = Release|Any CPU
		{E10F3EAC-0E31-4077-9171-5E326ACCDC07}.Release|Any CPU.Build.0 = Release|Any CPU
		{E10F3EAC-0E31-4077-9171-5E326ACCDC07}.Release|x64.ActiveCfg = Release|x64
		{E10F3EAC-0E31-4077-9171-5E326ACCDC07}.Release|x64.Build.0 = Release|x64
		{E10F3EAC-0E31-4077-9171-5E326ACCDC07}.Release|x86.ActiveCfg = Release|x86
		{E10F3EAC-0E31-4077-9171-5E326ACCDC07}.Release|x86.Build.0 = Release|x86
		{FD3A5736-C545-46F9-9793-0CFA7F0E0D8F}.Debug|Any CPU.ActiveCfg = Debug|Any CPU
		{FD3A5736-C545-46F9-9793-0CFA7F0E0D8F}.Debug|Any CPU.Build.0 = Debug|Any CPU
		{FD3A5736-C545-46F9-9793-0CFA7F0E0D8F}.Debug|x64.ActiveCfg = Debug|x64
		{FD3A5736-C545-46F9-9793-0CFA7F0E0D8F}.Debug|x64.Build.0 = Debug|x64
		{FD3A5736-C545-46F9-9793-0CFA7F0E0D8F}.Debug|x86.ActiveCfg = Debug|Any CPU
		{FD3A5736-C545-46F9-9793-0CFA7F0E0D8F}.Debug|x86.Build.0 = Debug|Any CPU
		{FD3A5736-C545-46F9-9793-0CFA7F0E0D8F}.Mod|Any CPU.ActiveCfg = Release|Any CPU
		{FD3A5736-C545-46F9-9793-0CFA7F0E0D8F}.Mod|Any CPU.Build.0 = Release|Any CPU
		{FD3A5736-C545-46F9-9793-0CFA7F0E0D8F}.Mod|x64.ActiveCfg = Release|x64
		{FD3A5736-C545-46F9-9793-0CFA7F0E0D8F}.Mod|x64.Build.0 = Release|x64
		{FD3A5736-C545-46F9-9793-0CFA7F0E0D8F}.Mod|x86.ActiveCfg = Release|Any CPU
		{FD3A5736-C545-46F9-9793-0CFA7F0E0D8F}.Mod|x86.Build.0 = Release|Any CPU
		{FD3A5736-C545-46F9-9793-0CFA7F0E0D8F}.Release|Any CPU.ActiveCfg = Release|Any CPU
		{FD3A5736-C545-46F9-9793-0CFA7F0E0D8F}.Release|Any CPU.Build.0 = Release|Any CPU
		{FD3A5736-C545-46F9-9793-0CFA7F0E0D8F}.Release|x64.ActiveCfg = Release|x64
		{FD3A5736-C545-46F9-9793-0CFA7F0E0D8F}.Release|x64.Build.0 = Release|x64
		{FD3A5736-C545-46F9-9793-0CFA7F0E0D8F}.Release|x86.ActiveCfg = Release|Any CPU
		{FD3A5736-C545-46F9-9793-0CFA7F0E0D8F}.Release|x86.Build.0 = Release|Any CPU
		{416B5141-68DA-4396-A4FB-9CF24537CDFA}.Debug|Any CPU.ActiveCfg = Debug|Any CPU
		{416B5141-68DA-4396-A4FB-9CF24537CDFA}.Debug|Any CPU.Build.0 = Debug|Any CPU
		{416B5141-68DA-4396-A4FB-9CF24537CDFA}.Debug|x64.ActiveCfg = Debug|x64
		{416B5141-68DA-4396-A4FB-9CF24537CDFA}.Debug|x64.Build.0 = Debug|x64
		{416B5141-68DA-4396-A4FB-9CF24537CDFA}.Debug|x86.ActiveCfg = Debug|x86
		{416B5141-68DA-4396-A4FB-9CF24537CDFA}.Debug|x86.Build.0 = Debug|x86
		{416B5141-68DA-4396-A4FB-9CF24537CDFA}.Mod|Any CPU.ActiveCfg = Mod|Any CPU
		{416B5141-68DA-4396-A4FB-9CF24537CDFA}.Mod|Any CPU.Build.0 = Mod|Any CPU
		{416B5141-68DA-4396-A4FB-9CF24537CDFA}.Mod|x64.ActiveCfg = Mod|x64
		{416B5141-68DA-4396-A4FB-9CF24537CDFA}.Mod|x64.Build.0 = Mod|x64
		{416B5141-68DA-4396-A4FB-9CF24537CDFA}.Mod|x86.ActiveCfg = Mod|x86
		{416B5141-68DA-4396-A4FB-9CF24537CDFA}.Mod|x86.Build.0 = Mod|x86
		{416B5141-68DA-4396-A4FB-9CF24537CDFA}.Release|Any CPU.ActiveCfg = Release|Any CPU
		{416B5141-68DA-4396-A4FB-9CF24537CDFA}.Release|Any CPU.Build.0 = Release|Any CPU
		{416B5141-68DA-4396-A4FB-9CF24537CDFA}.Release|x64.ActiveCfg = Release|x64
		{416B5141-68DA-4396-A4FB-9CF24537CDFA}.Release|x64.Build.0 = Release|x64
		{416B5141-68DA-4396-A4FB-9CF24537CDFA}.Release|x86.ActiveCfg = Release|x86
		{416B5141-68DA-4396-A4FB-9CF24537CDFA}.Release|x86.Build.0 = Release|x86
		{D99CDF0D-6B7C-426A-8853-C093924F152B}.Debug|Any CPU.ActiveCfg = Debug|Any CPU
		{D99CDF0D-6B7C-426A-8853-C093924F152B}.Debug|Any CPU.Build.0 = Debug|Any CPU
		{D99CDF0D-6B7C-426A-8853-C093924F152B}.Debug|x64.ActiveCfg = Debug|x64
		{D99CDF0D-6B7C-426A-8853-C093924F152B}.Debug|x64.Build.0 = Debug|x64
		{D99CDF0D-6B7C-426A-8853-C093924F152B}.Debug|x86.ActiveCfg = Debug|x86
		{D99CDF0D-6B7C-426A-8853-C093924F152B}.Debug|x86.Build.0 = Debug|x86
		{D99CDF0D-6B7C-426A-8853-C093924F152B}.Mod|Any CPU.ActiveCfg = Mod|Any CPU
		{D99CDF0D-6B7C-426A-8853-C093924F152B}.Mod|Any CPU.Build.0 = Mod|Any CPU
		{D99CDF0D-6B7C-426A-8853-C093924F152B}.Mod|x64.ActiveCfg = Mod|x64
		{D99CDF0D-6B7C-426A-8853-C093924F152B}.Mod|x64.Build.0 = Mod|x64
		{D99CDF0D-6B7C-426A-8853-C093924F152B}.Mod|x86.ActiveCfg = Mod|x86
		{D99CDF0D-6B7C-426A-8853-C093924F152B}.Mod|x86.Build.0 = Mod|x86
		{D99CDF0D-6B7C-426A-8853-C093924F152B}.Release|Any CPU.ActiveCfg = Release|Any CPU
		{D99CDF0D-6B7C-426A-8853-C093924F152B}.Release|Any CPU.Build.0 = Release|Any CPU
		{D99CDF0D-6B7C-426A-8853-C093924F152B}.Release|x64.ActiveCfg = Release|x64
		{D99CDF0D-6B7C-426A-8853-C093924F152B}.Release|x64.Build.0 = Release|x64
		{D99CDF0D-6B7C-426A-8853-C093924F152B}.Release|x86.ActiveCfg = Release|x86
		{D99CDF0D-6B7C-426A-8853-C093924F152B}.Release|x86.Build.0 = Release|x86
		{F1DD32AE-701A-4158-A214-3C835DC6A3BB}.Debug|Any CPU.ActiveCfg = Debug|Any CPU
		{F1DD32AE-701A-4158-A214-3C835DC6A3BB}.Debug|Any CPU.Build.0 = Debug|Any CPU
		{F1DD32AE-701A-4158-A214-3C835DC6A3BB}.Debug|x64.ActiveCfg = Debug|x64
		{F1DD32AE-701A-4158-A214-3C835DC6A3BB}.Debug|x64.Build.0 = Debug|x64
		{F1DD32AE-701A-4158-A214-3C835DC6A3BB}.Debug|x86.ActiveCfg = Debug|x86
		{F1DD32AE-701A-4158-A214-3C835DC6A3BB}.Debug|x86.Build.0 = Debug|x86
		{F1DD32AE-701A-4158-A214-3C835DC6A3BB}.Mod|Any CPU.ActiveCfg = Mod|Any CPU
		{F1DD32AE-701A-4158-A214-3C835DC6A3BB}.Mod|Any CPU.Build.0 = Mod|Any CPU
		{F1DD32AE-701A-4158-A214-3C835DC6A3BB}.Mod|x64.ActiveCfg = Mod|x64
		{F1DD32AE-701A-4158-A214-3C835DC6A3BB}.Mod|x64.Build.0 = Mod|x64
		{F1DD32AE-701A-4158-A214-3C835DC6A3BB}.Mod|x86.ActiveCfg = Mod|x86
		{F1DD32AE-701A-4158-A214-3C835DC6A3BB}.Mod|x86.Build.0 = Mod|x86
		{F1DD32AE-701A-4158-A214-3C835DC6A3BB}.Release|Any CPU.ActiveCfg = Release|Any CPU
		{F1DD32AE-701A-4158-A214-3C835DC6A3BB}.Release|Any CPU.Build.0 = Release|Any CPU
		{F1DD32AE-701A-4158-A214-3C835DC6A3BB}.Release|x64.ActiveCfg = Release|x64
		{F1DD32AE-701A-4158-A214-3C835DC6A3BB}.Release|x64.Build.0 = Release|x64
		{F1DD32AE-701A-4158-A214-3C835DC6A3BB}.Release|x86.ActiveCfg = Release|x86
		{F1DD32AE-701A-4158-A214-3C835DC6A3BB}.Release|x86.Build.0 = Release|x86
		{71ED188E-D2B8-4D12-A347-1893F0BB421C}.Debug|Any CPU.ActiveCfg = Debug|Any CPU
		{71ED188E-D2B8-4D12-A347-1893F0BB421C}.Debug|Any CPU.Build.0 = Debug|Any CPU
		{71ED188E-D2B8-4D12-A347-1893F0BB421C}.Debug|x64.ActiveCfg = Debug|Any CPU
		{71ED188E-D2B8-4D12-A347-1893F0BB421C}.Debug|x64.Build.0 = Debug|Any CPU
		{71ED188E-D2B8-4D12-A347-1893F0BB421C}.Debug|x86.ActiveCfg = Debug|Any CPU
		{71ED188E-D2B8-4D12-A347-1893F0BB421C}.Debug|x86.Build.0 = Debug|Any CPU
		{71ED188E-D2B8-4D12-A347-1893F0BB421C}.Mod|Any CPU.ActiveCfg = Release|Any CPU
		{71ED188E-D2B8-4D12-A347-1893F0BB421C}.Mod|Any CPU.Build.0 = Release|Any CPU
		{71ED188E-D2B8-4D12-A347-1893F0BB421C}.Mod|x64.ActiveCfg = Release|Any CPU
		{71ED188E-D2B8-4D12-A347-1893F0BB421C}.Mod|x64.Build.0 = Release|Any CPU
		{71ED188E-D2B8-4D12-A347-1893F0BB421C}.Mod|x86.ActiveCfg = Release|Any CPU
		{71ED188E-D2B8-4D12-A347-1893F0BB421C}.Mod|x86.Build.0 = Release|Any CPU
		{71ED188E-D2B8-4D12-A347-1893F0BB421C}.Release|Any CPU.ActiveCfg = Release|Any CPU
		{71ED188E-D2B8-4D12-A347-1893F0BB421C}.Release|Any CPU.Build.0 = Release|Any CPU
		{71ED188E-D2B8-4D12-A347-1893F0BB421C}.Release|x64.ActiveCfg = Release|Any CPU
		{71ED188E-D2B8-4D12-A347-1893F0BB421C}.Release|x64.Build.0 = Release|Any CPU
		{71ED188E-D2B8-4D12-A347-1893F0BB421C}.Release|x86.ActiveCfg = Release|Any CPU
		{71ED188E-D2B8-4D12-A347-1893F0BB421C}.Release|x86.Build.0 = Release|Any CPU
		{22048422-DDD9-4A44-9D53-166F22603BC8}.Debug|Any CPU.ActiveCfg = Debug|Any CPU
		{22048422-DDD9-4A44-9D53-166F22603BC8}.Debug|Any CPU.Build.0 = Debug|Any CPU
		{22048422-DDD9-4A44-9D53-166F22603BC8}.Debug|x64.ActiveCfg = Debug|Any CPU
		{22048422-DDD9-4A44-9D53-166F22603BC8}.Debug|x64.Build.0 = Debug|Any CPU
		{22048422-DDD9-4A44-9D53-166F22603BC8}.Debug|x86.ActiveCfg = Debug|Any CPU
		{22048422-DDD9-4A44-9D53-166F22603BC8}.Debug|x86.Build.0 = Debug|Any CPU
		{22048422-DDD9-4A44-9D53-166F22603BC8}.Mod|Any CPU.ActiveCfg = Release|Any CPU
		{22048422-DDD9-4A44-9D53-166F22603BC8}.Mod|Any CPU.Build.0 = Release|Any CPU
		{22048422-DDD9-4A44-9D53-166F22603BC8}.Mod|x64.ActiveCfg = Release|Any CPU
		{22048422-DDD9-4A44-9D53-166F22603BC8}.Mod|x64.Build.0 = Release|Any CPU
		{22048422-DDD9-4A44-9D53-166F22603BC8}.Mod|x86.ActiveCfg = Release|Any CPU
		{22048422-DDD9-4A44-9D53-166F22603BC8}.Mod|x86.Build.0 = Release|Any CPU
		{22048422-DDD9-4A44-9D53-166F22603BC8}.Release|Any CPU.ActiveCfg = Release|Any CPU
		{22048422-DDD9-4A44-9D53-166F22603BC8}.Release|Any CPU.Build.0 = Release|Any CPU
		{22048422-DDD9-4A44-9D53-166F22603BC8}.Release|x64.ActiveCfg = Release|Any CPU
		{22048422-DDD9-4A44-9D53-166F22603BC8}.Release|x64.Build.0 = Release|Any CPU
		{22048422-DDD9-4A44-9D53-166F22603BC8}.Release|x86.ActiveCfg = Release|Any CPU
		{22048422-DDD9-4A44-9D53-166F22603BC8}.Release|x86.Build.0 = Release|Any CPU
		{2FE4880B-8F34-41ED-945A-514C1489572B}.Debug|Any CPU.ActiveCfg = Debug|Any CPU
		{2FE4880B-8F34-41ED-945A-514C1489572B}.Debug|Any CPU.Build.0 = Debug|Any CPU
		{2FE4880B-8F34-41ED-945A-514C1489572B}.Debug|x64.ActiveCfg = Debug|Any CPU
		{2FE4880B-8F34-41ED-945A-514C1489572B}.Debug|x64.Build.0 = Debug|Any CPU
		{2FE4880B-8F34-41ED-945A-514C1489572B}.Debug|x86.ActiveCfg = Debug|Any CPU
		{2FE4880B-8F34-41ED-945A-514C1489572B}.Debug|x86.Build.0 = Debug|Any CPU
		{2FE4880B-8F34-41ED-945A-514C1489572B}.Mod|Any CPU.ActiveCfg = Debug|Any CPU
		{2FE4880B-8F34-41ED-945A-514C1489572B}.Mod|Any CPU.Build.0 = Debug|Any CPU
		{2FE4880B-8F34-41ED-945A-514C1489572B}.Mod|x64.ActiveCfg = Debug|Any CPU
		{2FE4880B-8F34-41ED-945A-514C1489572B}.Mod|x64.Build.0 = Debug|Any CPU
		{2FE4880B-8F34-41ED-945A-514C1489572B}.Mod|x86.ActiveCfg = Debug|Any CPU
		{2FE4880B-8F34-41ED-945A-514C1489572B}.Mod|x86.Build.0 = Debug|Any CPU
		{2FE4880B-8F34-41ED-945A-514C1489572B}.Release|Any CPU.ActiveCfg = Release|Any CPU
		{2FE4880B-8F34-41ED-945A-514C1489572B}.Release|Any CPU.Build.0 = Release|Any CPU
		{2FE4880B-8F34-41ED-945A-514C1489572B}.Release|x64.ActiveCfg = Release|Any CPU
		{2FE4880B-8F34-41ED-945A-514C1489572B}.Release|x64.Build.0 = Release|Any CPU
		{2FE4880B-8F34-41ED-945A-514C1489572B}.Release|x86.ActiveCfg = Release|Any CPU
		{2FE4880B-8F34-41ED-945A-514C1489572B}.Release|x86.Build.0 = Release|Any CPU
	EndGlobalSection
	GlobalSection(SolutionProperties) = preSolution
		HideSolutionNode = FALSE
	EndGlobalSection
	GlobalSection(ExtensibilityGlobals) = postSolution
		SolutionGuid = {59993F5D-A22A-4BE8-989E-815B10FE07A9}
	EndGlobalSection
EndGlobal
