
Microsoft Visual Studio Solution File, Format Version 12.00
# Visual Studio Version 16
VisualStudioVersion = 16.0.32228.343
MinimumVisualStudioVersion = 10.0.40219.1
Project("{FAE04EC0-301F-11D3-BF4B-00C04F79EFBC}") = "ExpApps", "ExperimentalApps\ExpApps.csproj", "{DD0A8BEC-280F-4020-B01B-2055EB6F5026}"
EndProject
Project("{FAE04EC0-301F-11D3-BF4B-00C04F79EFBC}") = "AlignToBottom", "AlignToBottom\AlignToBottom.csproj", "{77762FD9-8BAA-4A2C-8A45-CE2C99C2AF2D}"
EndProject
Project("{FAE04EC0-301F-11D3-BF4B-00C04F79EFBC}") = "AnnoTools", "AnnoTools\AnnoTools.csproj", "{E10F3EAC-0E31-4077-9171-5E326ACCDC07}"
EndProject
Project("{FAE04EC0-301F-11D3-BF4B-00C04F79EFBC}") = "DWGExport", "DWGExport\DWGExport.csproj", "{FD3A5736-C545-46F9-9793-0CFA7F0E0D8F}"
EndProject
Project("{FAE04EC0-301F-11D3-BF4B-00C04F79EFBC}") = "MultiDWG", "MultiDWG\MultiDWG.csproj", "{416B5141-68DA-4396-A4FB-9CF24537CDFA}"
EndProject
Project("{FAE04EC0-301F-11D3-BF4B-00C04F79EFBC}") = "RehostElements", "Rehost Elements\RehostElements.csproj", "{D99CDF0D-6B7C-426A-8853-C093924F152B}"
EndProject
Project("{FAE04EC0-301F-11D3-BF4B-00C04F79EFBC}") = "SetViewRange", "SetViewRange\SetViewRange.csproj", "{F1DD32AE-701A-4158-A214-3C835DC6A3BB}"
EndProject
Project("{FAE04EC0-301F-11D3-BF4B-00C04F79EFBC}") = "Exp_apps_R17", "Exp_Apps_Versioned\Exp_apps_R17.csproj", "{71ED188E-D2B8-4D12-A347-1893F0BB421C}"
EndProject
Project("{FAE04EC0-301F-11D3-BF4B-00C04F79EFBC}") = "Revision_Editor", "RevisionEditor\Revision_Editor.csproj", "{22048422-DDD9-4A44-9D53-166F22603BC8}"
EndProject
Project("{FAE04EC0-301F-11D3-BF4B-00C04F79EFBC}") = "StoreExp", "StoreExp\StoreExp.csproj", "{2FE4880B-8F34-41ED-945A-514C1489572B}"
EndProject
Global
	GlobalSection(SolutionConfigurationPlatforms) = preSolution
		Release|x64 = Release|x64
	EndGlobalSection
	GlobalSection(ProjectConfigurationPlatforms) = postSolution
		{DD0A8BEC-280F-4020-B01B-2055EB6F5026}.Release|x64.ActiveCfg = Release|x64
		{DD0A8BEC-280F-4020-B01B-2055EB6F5026}.Release|x64.Build.0 = Release|x64
		{77762FD9-8BAA-4A2C-8A45-CE2C99C2AF2D}.Release|x64.ActiveCfg = Release|x64
		{77762FD9-8BAA-4A2C-8A45-CE2C99C2AF2D}.Release|x64.Build.0 = Release|x64
		{E10F3EAC-0E31-4077-9171-5E326ACCDC07}.Release|x64.ActiveCfg = Release|x64
		{E10F3EAC-0E31-4077-9171-5E326ACCDC07}.Release|x64.Build.0 = Release|x64
		{FD3A5736-C545-46F9-9793-0CFA7F0E0D8F}.Release|x64.ActiveCfg = Release|x64
		{FD3A5736-C545-46F9-9793-0CFA7F0E0D8F}.Release|x64.Build.0 = Release|x64
		{416B5141-68DA-4396-A4FB-9CF24537CDFA}.Release|x64.ActiveCfg = Release|x64
		{416B5141-68DA-4396-A4FB-9CF24537CDFA}.Release|x64.Build.0 = Release|x64
		{D99CDF0D-6B7C-426A-8853-C093924F152B}.Release|x64.ActiveCfg = Release|x64
		{D99CDF0D-6B7C-426A-8853-C093924F152B}.Release|x64.Build.0 = Release|x64
		{F1DD32AE-701A-4158-A214-3C835DC6A3BB}.Release|x64.ActiveCfg = Release|x64
		{F1DD32AE-701A-4158-A214-3C835DC6A3BB}.Release|x64.Build.0 = Release|x64
		{71ED188E-D2B8-4D12-A347-1893F0BB421C}.Release|x64.ActiveCfg = Release|x64
		{71ED188E-D2B8-4D12-A347-1893F0BB421C}.Release|x64.Build.0 = Release|x64
		{22048422-DDD9-4A44-9D53-166F22603BC8}.Release|x64.ActiveCfg = Release|x64
		{22048422-DDD9-4A44-9D53-166F22603BC8}.Release|x64.Build.0 = Release|x64
		{2FE4880B-8F34-41ED-945A-514C1489572B}.Release|x64.ActiveCfg = Release|x64
		{2FE4880B-8F34-41ED-945A-514C1489572B}.Release|x64.Build.0 = Release|x64
	EndGlobalSection
	GlobalSection(SolutionProperties) = preSolution
		HideSolutionNode = FALSE
	EndGlobalSection
	GlobalSection(ExtensibilityGlobals) = postSolution
		SolutionGuid = {59993F5D-A22A-4BE8-989E-815B10FE07A9}
	EndGlobalSection
EndGlobal
